
Microsoft Visual Studio Solution File, Format Version 12.00
# Visual Studio Version 17
VisualStudioVersion = 17.12.35506.116 d17.12
MinimumVisualStudioVersion = 10.0.40219.1
Project("{FAE04EC0-301F-11D3-BF4B-00C04F79EFBC}") = "AdapterPattern", "AdapterPattern\AdapterPattern.csproj", "{29E80AF5-4254-4529-982B-A977FFAEDFF8}"
EndProject
Project("{FAE04EC0-301F-11D3-BF4B-00C04F79EFBC}") = "PayrollSystem", "PayrollSystem\PayrollSystem.csproj", "{50A9C6C0-C3BB-4542-9300-12DEB0CEC4BB}"
EndProject
Global
	GlobalSection(SolutionConfigurationPlatforms) = preSolution
		Debug|Any CPU = Debug|Any CPU
		Release|Any CPU = Release|Any CPU
	EndGlobalSection
	GlobalSection(ProjectConfigurationPlatforms) = postSolution
		{29E80AF5-4254-4529-982B-A977FFAEDFF8}.Debug|Any CPU.ActiveCfg = Debug|Any CPU
		{29E80AF5-4254-4529-982B-A977FFAEDFF8}.Debug|Any CPU.Build.0 = Debug|Any CPU
		{29E80AF5-4254-4529-982B-A977FFAEDFF8}.Release|Any CPU.ActiveCfg = Release|Any CPU
		{29E80AF5-4254-4529-982B-A977FFAEDFF8}.Release|Any CPU.Build.0 = Release|Any CPU
		{50A9C6C0-C3BB-4542-9300-12DEB0CEC4BB}.Debug|Any CPU.ActiveCfg = Debug|Any CPU
		{50A9C6C0-C3BB-4542-9300-12DEB0CEC4BB}.Debug|Any CPU.Build.0 = Debug|Any CPU
		{50A9C6C0-C3BB-4542-9300-12DEB0CEC4BB}.Release|Any CPU.ActiveCfg = Release|Any CPU
		{50A9C6C0-C3BB-4542-9300-12DEB0CEC4BB}.Release|Any CPU.Build.0 = Release|Any CPU
	EndGlobalSection
	GlobalSection(SolutionProperties) = preSolution
		HideSolutionNode = FALSE
	EndGlobalSection
EndGlobal
